
Microsoft Visual Studio Solution File, Format Version 12.00
# Visual Studio Version 16
VisualStudioVersion = 16.0.29509.3
MinimumVisualStudioVersion = 10.0.40219.1
Project("{8BC9CEB8-8B4A-11D0-8D11-00A0C91BC942}") = "GraphAlgorithm", "GraphAlgorithm\GraphAlgorithm.vcxproj", "{2362D4F4-4533-410A-A567-E3A9323A8D08}"
EndProject
Global
	GlobalSection(SolutionConfigurationPlatforms) = preSolution
		Debug|x64 = Debug|x64
		Debug|x86 = Debug|x86
		Release|x64 = Release|x64
		Release|x86 = Release|x86
	EndGlobalSection
	GlobalSection(ProjectConfigurationPlatforms) = postSolution
		{2362D4F4-4533-410A-A567-E3A9323A8D08}.Debug|x64.ActiveCfg = Debug|x64
		{2362D4F4-4533-410A-A567-E3A9323A8D08}.Debug|x64.Build.0 = Debug|x64
		{2362D4F4-4533-410A-A567-E3A9323A8D08}.Debug|x86.ActiveCfg = Debug|Win32
		{2362D4F4-4533-410A-A567-E3A9323A8D08}.Debug|x86.Build.0 = Debug|Win32
		{2362D4F4-4533-410A-A567-E3A9323A8D08}.Release|x64.ActiveCfg = Release|x64
		{2362D4F4-4533-410A-A567-E3A9323A8D08}.Release|x64.Build.0 = Release|x64
		{2362D4F4-4533-410A-A567-E3A9323A8D08}.Release|x86.ActiveCfg = Release|Win32
		{2362D4F4-4533-410A-A567-E3A9323A8D08}.Release|x86.Build.0 = Release|Win32
	EndGlobalSection
	GlobalSection(SolutionProperties) = preSolution
		HideSolutionNode = FALSE
	EndGlobalSection
	GlobalSection(ExtensibilityGlobals) = postSolution
		SolutionGuid = {21C4F253-886F-4590-90E3-35FA5B2555F2}
	EndGlobalSection
EndGlobal
